
Microsoft Visual Studio Solution File, Format Version 12.00
# Visual Studio Version 16
VisualStudioVersion = 16.0.30523.141
MinimumVisualStudioVersion = 10.0.40219.1
Project("{FAE04EC0-301F-11D3-BF4B-00C04F79EFBC}") = "asm_cs", "asm_cs.csproj", "{FFEAC6AF-1028-43F5-BD32-C21BCAAA6101}"
EndProject
Project("{FAE04EC0-301F-11D3-BF4B-00C04F79EFBC}") = "asm_cs_unit_test", "..\asm_cs_unit_test\asm_cs_unit_test.csproj", "{FAEE2574-C016-44A4-9EE8-C5E77CB52FD0}"
EndProject
Global
	GlobalSection(SolutionConfigurationPlatforms) = preSolution
		Debug|Any CPU = Debug|Any CPU
		Release|Any CPU = Release|Any CPU
	EndGlobalSection
	GlobalSection(ProjectConfigurationPlatforms) = postSolution
		{FFEAC6AF-1028-43F5-BD32-C21BCAAA6101}.Debug|Any CPU.ActiveCfg = Debug|Any CPU
		{FFEAC6AF-1028-43F5-BD32-C21BCAAA6101}.Debug|Any CPU.Build.0 = Debug|Any CPU
		{FFEAC6AF-1028-43F5-BD32-C21BCAAA6101}.Release|Any CPU.ActiveCfg = Release|Any CPU
		{FFEAC6AF-1028-43F5-BD32-C21BCAAA6101}.Release|Any CPU.Build.0 = Release|Any CPU
		{FAEE2574-C016-44A4-9EE8-C5E77CB52FD0}.Debug|Any CPU.ActiveCfg = Debug|Any CPU
		{FAEE2574-C016-44A4-9EE8-C5E77CB52FD0}.Debug|Any CPU.Build.0 = Debug|Any CPU
		{FAEE2574-C016-44A4-9EE8-C5E77CB52FD0}.Release|Any CPU.ActiveCfg = Release|Any CPU
		{FAEE2574-C016-44A4-9EE8-C5E77CB52FD0}.Release|Any CPU.Build.0 = Release|Any CPU
	EndGlobalSection
	GlobalSection(SolutionProperties) = preSolution
		HideSolutionNode = FALSE
	EndGlobalSection
	GlobalSection(ExtensibilityGlobals) = postSolution
		SolutionGuid = {E834CA88-7C9E-4232-ABCA-813E74481F52}
	EndGlobalSection
EndGlobal
